
Microsoft Visual Studio Solution File, Format Version 12.00
# Visual Studio Version 18
VisualStudioVersion = 18.4.11605.240
MinimumVisualStudioVersion = 10.0.40219.1
Project("{FAE04EC0-301F-11D3-BF4B-00C04F79EFBC}") = "Blogger", "Blogger\Blogger.csproj", "{436ED4FA-AED0-4984-BBDB-EC8CF0F06A86}"
EndProject
Project("{FAE04EC0-301F-11D3-BF4B-00C04F79EFBC}") = "Blogger.Avalonia", "Blogger.Avalonia\Blogger.Avalonia.csproj", "{D1B64469-49A2-4778-826D-AB5890406BCA}"
EndProject
Global
	GlobalSection(SolutionConfigurationPlatforms) = preSolution
		Debug|Any CPU = Debug|Any CPU
		Release|Any CPU = Release|Any CPU
	EndGlobalSection
	GlobalSection(ProjectConfigurationPlatforms) = postSolution
		{436ED4FA-AED0-4984-BBDB-EC8CF0F06A86}.Debug|Any CPU.ActiveCfg = Debug|Any CPU
		{436ED4FA-AED0-4984-BBDB-EC8CF0F06A86}.Debug|Any CPU.Build.0 = Debug|Any CPU
		{436ED4FA-AED0-4984-BBDB-EC8CF0F06A86}.Release|Any CPU.ActiveCfg = Release|Any CPU
		{436ED4FA-AED0-4984-BBDB-EC8CF0F06A86}.Release|Any CPU.Build.0 = Release|Any CPU
		{D1B64469-49A2-4778-826D-AB5890406BCA}.Debug|Any CPU.ActiveCfg = Debug|Any CPU
		{D1B64469-49A2-4778-826D-AB5890406BCA}.Debug|Any CPU.Build.0 = Debug|Any CPU
		{D1B64469-49A2-4778-826D-AB5890406BCA}.Release|Any CPU.ActiveCfg = Release|Any CPU
		{D1B64469-49A2-4778-826D-AB5890406BCA}.Release|Any CPU.Build.0 = Release|Any CPU
	EndGlobalSection
	GlobalSection(SolutionProperties) = preSolution
		HideSolutionNode = FALSE
	EndGlobalSection
	GlobalSection(ExtensibilityGlobals) = postSolution
		SolutionGuid = {F09935B6-6D47-4DD7-A216-32F44D659C98}
	EndGlobalSection
EndGlobal
